
Microsoft Visual Studio Solution File, Format Version 12.00
# Visual Studio 2013
VisualStudioVersion = 12.0.40629.0
MinimumVisualStudioVersion = 10.0.40219.1
Project("{FAE04EC0-301F-11D3-BF4B-00C04F79EFBC}") = "ExtendPaste", "ContributedPlugins\ExtendPaste\ExtendPaste.csproj", "{A6A3F2DF-24B0-4471-88C2-1898167A976E}"
EndProject
Project("{FAE04EC0-301F-11D3-BF4B-00C04F79EFBC}") = "BroadcastCommand", "ContributedPlugins\BroadcastCommand\BroadcastCommand.csproj", "{4D9042BA-ECD8-4B00-B01B-55BE761293BD}"
EndProject
Global
	GlobalSection(SolutionConfigurationPlatforms) = preSolution
		Debug|Any CPU = Debug|Any CPU
		Release|Any CPU = Release|Any CPU
	EndGlobalSection
	GlobalSection(ProjectConfigurationPlatforms) = postSolution
		{A6A3F2DF-24B0-4471-88C2-1898167A976E}.Debug|Any CPU.ActiveCfg = Debug|Any CPU
		{A6A3F2DF-24B0-4471-88C2-1898167A976E}.Debug|Any CPU.Build.0 = Debug|Any CPU
		{A6A3F2DF-24B0-4471-88C2-1898167A976E}.Release|Any CPU.ActiveCfg = Release|Any CPU
		{A6A3F2DF-24B0-4471-88C2-1898167A976E}.Release|Any CPU.Build.0 = Release|Any CPU
		{4D9042BA-ECD8-4B00-B01B-55BE761293BD}.Debug|Any CPU.ActiveCfg = Debug|Any CPU
		{4D9042BA-ECD8-4B00-B01B-55BE761293BD}.Debug|Any CPU.Build.0 = Debug|Any CPU
		{4D9042BA-ECD8-4B00-B01B-55BE761293BD}.Release|Any CPU.ActiveCfg = Release|Any CPU
		{4D9042BA-ECD8-4B00-B01B-55BE761293BD}.Release|Any CPU.Build.0 = Release|Any CPU
	EndGlobalSection
	GlobalSection(SolutionProperties) = preSolution
		HideSolutionNode = FALSE
	EndGlobalSection
EndGlobal
